
Microsoft Visual Studio Solution File, Format Version 12.00
# Visual Studio Express 15 for Windows Desktop
VisualStudioVersion = 15.0.27703.2047
MinimumVisualStudioVersion = 10.0.40219.1
Project("{2150E333-8FDC-42A3-9474-1A3956D46DE8}") = "Docs", "Docs", "{ECF7769F-4A47-41A5-BDFA-7693243C425C}"
	ProjectSection(SolutionItems) = preProject
		Todo.txt = Todo.txt
	EndProjectSection
EndProject
Project("{FAE04EC0-301F-11D3-BF4B-00C04F79EFBC}") = "CSharpTest", "CSharpTest\CSharpTest.csproj", "{B5009719-A98E-46B3-B969-15A2B2FAEAFC}"
	ProjectSection(ProjectDependencies) = postProject
		{99CFFC53-B4FB-484D-AE2D-91C0F63E040E} = {99CFFC53-B4FB-484D-AE2D-91C0F63E040E}
	EndProjectSection
EndProject
Project("{2150E333-8FDC-42A3-9474-1A3956D46DE8}") = "Solution Items", "Solution Items", "{074B36A9-C998-43FA-A879-BF97D4015ABC}"
	ProjectSection(SolutionItems) = preProject
		.editorconfig = .editorconfig
	EndProjectSection
EndProject
Project("{8BC9CEB8-8B4A-11D0-8D11-00A0C91BC942}") = "Native", "Native\Native.vcxproj", "{99CFFC53-B4FB-484D-AE2D-91C0F63E040E}"
EndProject
Project("{FAE04EC0-301F-11D3-BF4B-00C04F79EFBC}") = "TaskTest", "TaskTest\TaskTest.csproj", "{D7AE1903-D112-4289-834B-EF8D36254F11}"
EndProject
Project("{FAE04EC0-301F-11D3-BF4B-00C04F79EFBC}") = "DownloaderThread", "DownloaderThread\DownloaderThread.csproj", "{7D43895B-CA3C-485D-A2FC-3186A1605640}"
EndProject
Project("{FAE04EC0-301F-11D3-BF4B-00C04F79EFBC}") = "DownloaderBackgroundWorker", "DownloaderBackgroundWorker\DownloaderBackgroundWorker.csproj", "{0932CE03-3850-4A13-8626-7A3C8EE43D36}"
EndProject
Project("{FAE04EC0-301F-11D3-BF4B-00C04F79EFBC}") = "Variance", "Variance\Variance.csproj", "{7F8A6456-36EF-4301-8938-058ABF5AB5BD}"
EndProject
Global
	GlobalSection(SolutionConfigurationPlatforms) = preSolution
		Debug|Any CPU = Debug|Any CPU
		Debug|x64 = Debug|x64
		Debug|x86 = Debug|x86
		Release|Any CPU = Release|Any CPU
		Release|x64 = Release|x64
		Release|x86 = Release|x86
	EndGlobalSection
	GlobalSection(ProjectConfigurationPlatforms) = postSolution
		{B5009719-A98E-46B3-B969-15A2B2FAEAFC}.Debug|Any CPU.ActiveCfg = Debug|Any CPU
		{B5009719-A98E-46B3-B969-15A2B2FAEAFC}.Debug|Any CPU.Build.0 = Debug|Any CPU
		{B5009719-A98E-46B3-B969-15A2B2FAEAFC}.Debug|x64.ActiveCfg = Debug|x64
		{B5009719-A98E-46B3-B969-15A2B2FAEAFC}.Debug|x64.Build.0 = Debug|x64
		{B5009719-A98E-46B3-B969-15A2B2FAEAFC}.Debug|x86.ActiveCfg = Debug|x86
		{B5009719-A98E-46B3-B969-15A2B2FAEAFC}.Debug|x86.Build.0 = Debug|x86
		{B5009719-A98E-46B3-B969-15A2B2FAEAFC}.Release|Any CPU.ActiveCfg = Release|Any CPU
		{B5009719-A98E-46B3-B969-15A2B2FAEAFC}.Release|Any CPU.Build.0 = Release|Any CPU
		{B5009719-A98E-46B3-B969-15A2B2FAEAFC}.Release|x64.ActiveCfg = Release|x64
		{B5009719-A98E-46B3-B969-15A2B2FAEAFC}.Release|x64.Build.0 = Release|x64
		{B5009719-A98E-46B3-B969-15A2B2FAEAFC}.Release|x86.ActiveCfg = Release|x86
		{B5009719-A98E-46B3-B969-15A2B2FAEAFC}.Release|x86.Build.0 = Release|x86
		{99CFFC53-B4FB-484D-AE2D-91C0F63E040E}.Debug|Any CPU.ActiveCfg = Debug|Win32
		{99CFFC53-B4FB-484D-AE2D-91C0F63E040E}.Debug|x64.ActiveCfg = Debug|x64
		{99CFFC53-B4FB-484D-AE2D-91C0F63E040E}.Debug|x64.Build.0 = Debug|x64
		{99CFFC53-B4FB-484D-AE2D-91C0F63E040E}.Debug|x86.ActiveCfg = Debug|Win32
		{99CFFC53-B4FB-484D-AE2D-91C0F63E040E}.Debug|x86.Build.0 = Debug|Win32
		{99CFFC53-B4FB-484D-AE2D-91C0F63E040E}.Release|Any CPU.ActiveCfg = Release|Win32
		{99CFFC53-B4FB-484D-AE2D-91C0F63E040E}.Release|x64.ActiveCfg = Release|x64
		{99CFFC53-B4FB-484D-AE2D-91C0F63E040E}.Release|x64.Build.0 = Release|x64
		{99CFFC53-B4FB-484D-AE2D-91C0F63E040E}.Release|x86.ActiveCfg = Release|Win32
		{99CFFC53-B4FB-484D-AE2D-91C0F63E040E}.Release|x86.Build.0 = Release|Win32
		{D7AE1903-D112-4289-834B-EF8D36254F11}.Debug|Any CPU.ActiveCfg = Debug|Any CPU
		{D7AE1903-D112-4289-834B-EF8D36254F11}.Debug|Any CPU.Build.0 = Debug|Any CPU
		{D7AE1903-D112-4289-834B-EF8D36254F11}.Debug|x64.ActiveCfg = Debug|Any CPU
		{D7AE1903-D112-4289-834B-EF8D36254F11}.Debug|x64.Build.0 = Debug|Any CPU
		{D7AE1903-D112-4289-834B-EF8D36254F11}.Debug|x86.ActiveCfg = Debug|Any CPU
		{D7AE1903-D112-4289-834B-EF8D36254F11}.Debug|x86.Build.0 = Debug|Any CPU
		{D7AE1903-D112-4289-834B-EF8D36254F11}.Release|Any CPU.ActiveCfg = Release|Any CPU
		{D7AE1903-D112-4289-834B-EF8D36254F11}.Release|Any CPU.Build.0 = Release|Any CPU
		{D7AE1903-D112-4289-834B-EF8D36254F11}.Release|x64.ActiveCfg = Release|Any CPU
		{D7AE1903-D112-4289-834B-EF8D36254F11}.Release|x64.Build.0 = Release|Any CPU
		{D7AE1903-D112-4289-834B-EF8D36254F11}.Release|x86.ActiveCfg = Release|Any CPU
		{D7AE1903-D112-4289-834B-EF8D36254F11}.Release|x86.Build.0 = Release|Any CPU
		{7D43895B-CA3C-485D-A2FC-3186A1605640}.Debug|Any CPU.ActiveCfg = Debug|Any CPU
		{7D43895B-CA3C-485D-A2FC-3186A1605640}.Debug|Any CPU.Build.0 = Debug|Any CPU
		{7D43895B-CA3C-485D-A2FC-3186A1605640}.Debug|x64.ActiveCfg = Debug|Any CPU
		{7D43895B-CA3C-485D-A2FC-3186A1605640}.Debug|x64.Build.0 = Debug|Any CPU
		{7D43895B-CA3C-485D-A2FC-3186A1605640}.Debug|x86.ActiveCfg = Debug|Any CPU
		{7D43895B-CA3C-485D-A2FC-3186A1605640}.Debug|x86.Build.0 = Debug|Any CPU
		{7D43895B-CA3C-485D-A2FC-3186A1605640}.Release|Any CPU.ActiveCfg = Release|Any CPU
		{7D43895B-CA3C-485D-A2FC-3186A1605640}.Release|Any CPU.Build.0 = Release|Any CPU
		{7D43895B-CA3C-485D-A2FC-3186A1605640}.Release|x64.ActiveCfg = Release|Any CPU
		{7D43895B-CA3C-485D-A2FC-3186A1605640}.Release|x64.Build.0 = Release|Any CPU
		{7D43895B-CA3C-485D-A2FC-3186A1605640}.Release|x86.ActiveCfg = Release|Any CPU
		{7D43895B-CA3C-485D-A2FC-3186A1605640}.Release|x86.Build.0 = Release|Any CPU
		{0932CE03-3850-4A13-8626-7A3C8EE43D36}.Debug|Any CPU.ActiveCfg = Debug|Any CPU
		{0932CE03-3850-4A13-8626-7A3C8EE43D36}.Debug|Any CPU.Build.0 = Debug|Any CPU
		{0932CE03-3850-4A13-8626-7A3C8EE43D36}.Debug|x64.ActiveCfg = Debug|Any CPU
		{0932CE03-3850-4A13-8626-7A3C8EE43D36}.Debug|x64.Build.0 = Debug|Any CPU
		{0932CE03-3850-4A13-8626-7A3C8EE43D36}.Debug|x86.ActiveCfg = Debug|Any CPU
		{0932CE03-3850-4A13-8626-7A3C8EE43D36}.Debug|x86.Build.0 = Debug|Any CPU
		{0932CE03-3850-4A13-8626-7A3C8EE43D36}.Release|Any CPU.ActiveCfg = Release|Any CPU
		{0932CE03-3850-4A13-8626-7A3C8EE43D36}.Release|Any CPU.Build.0 = Release|Any CPU
		{0932CE03-3850-4A13-8626-7A3C8EE43D36}.Release|x64.ActiveCfg = Release|Any CPU
		{0932CE03-3850-4A13-8626-7A3C8EE43D36}.Release|x64.Build.0 = Release|Any CPU
		{0932CE03-3850-4A13-8626-7A3C8EE43D36}.Release|x86.ActiveCfg = Release|Any CPU
		{0932CE03-3850-4A13-8626-7A3C8EE43D36}.Release|x86.Build.0 = Release|Any CPU
		{7F8A6456-36EF-4301-8938-058ABF5AB5BD}.Debug|Any CPU.ActiveCfg = Debug|Any CPU
		{7F8A6456-36EF-4301-8938-058ABF5AB5BD}.Debug|Any CPU.Build.0 = Debug|Any CPU
		{7F8A6456-36EF-4301-8938-058ABF5AB5BD}.Debug|x64.ActiveCfg = Debug|Any CPU
		{7F8A6456-36EF-4301-8938-058ABF5AB5BD}.Debug|x64.Build.0 = Debug|Any CPU
		{7F8A6456-36EF-4301-8938-058ABF5AB5BD}.Debug|x86.ActiveCfg = Debug|Any CPU
		{7F8A6456-36EF-4301-8938-058ABF5AB5BD}.Debug|x86.Build.0 = Debug|Any CPU
		{7F8A6456-36EF-4301-8938-058ABF5AB5BD}.Release|Any CPU.ActiveCfg = Release|Any CPU
		{7F8A6456-36EF-4301-8938-058ABF5AB5BD}.Release|Any CPU.Build.0 = Release|Any CPU
		{7F8A6456-36EF-4301-8938-058ABF5AB5BD}.Release|x64.ActiveCfg = Release|Any CPU
		{7F8A6456-36EF-4301-8938-058ABF5AB5BD}.Release|x64.Build.0 = Release|Any CPU
		{7F8A6456-36EF-4301-8938-058ABF5AB5BD}.Release|x86.ActiveCfg = Release|Any CPU
		{7F8A6456-36EF-4301-8938-058ABF5AB5BD}.Release|x86.Build.0 = Release|Any CPU
	EndGlobalSection
	GlobalSection(SolutionProperties) = preSolution
		HideSolutionNode = FALSE
	EndGlobalSection
	GlobalSection(ExtensibilityGlobals) = postSolution
		SolutionGuid = {7C1E8E15-4B89-46E6-96B8-D5B2CD34E3DC}
	EndGlobalSection
EndGlobal
